
Microsoft Visual Studio Solution File, Format Version 12.00
# Visual Studio 14
VisualStudioVersion = 14.0.25420.1
MinimumVisualStudioVersion = 10.0.40219.1
Project("{FAE04EC0-301F-11D3-BF4B-00C04F79EFBC}") = "Hackathon2016", "Hackathon2016\Hackathon2016.csproj", "{CDAA854A-1FD5-4176-BB07-70E487BC4FFF}"
EndProject
Project("{FAE04EC0-301F-11D3-BF4B-00C04F79EFBC}") = "COPD", "..\..\..\Source\Repos\Hackathon2016\COPD\COPD.csproj", "{5988040A-349C-4B9B-99B8-5622ECDF2117}"
EndProject
Project("{FAE04EC0-301F-11D3-BF4B-00C04F79EFBC}") = "Streckenbot", "Streckenbot\Streckenbot.csproj", "{A8BA1066-5695-4D71-ABB4-65E5A5E0C3D4}"
EndProject
Global
	GlobalSection(SolutionConfigurationPlatforms) = preSolution
		Debug|Any CPU = Debug|Any CPU
		Release|Any CPU = Release|Any CPU
	EndGlobalSection
	GlobalSection(ProjectConfigurationPlatforms) = postSolution
		{CDAA854A-1FD5-4176-BB07-70E487BC4FFF}.Debug|Any CPU.ActiveCfg = Debug|Any CPU
		{CDAA854A-1FD5-4176-BB07-70E487BC4FFF}.Debug|Any CPU.Build.0 = Debug|Any CPU
		{CDAA854A-1FD5-4176-BB07-70E487BC4FFF}.Release|Any CPU.ActiveCfg = Release|Any CPU
		{CDAA854A-1FD5-4176-BB07-70E487BC4FFF}.Release|Any CPU.Build.0 = Release|Any CPU
		{5988040A-349C-4B9B-99B8-5622ECDF2117}.Debug|Any CPU.ActiveCfg = Debug|Any CPU
		{5988040A-349C-4B9B-99B8-5622ECDF2117}.Debug|Any CPU.Build.0 = Debug|Any CPU
		{5988040A-349C-4B9B-99B8-5622ECDF2117}.Release|Any CPU.ActiveCfg = Release|Any CPU
		{5988040A-349C-4B9B-99B8-5622ECDF2117}.Release|Any CPU.Build.0 = Release|Any CPU
		{A8BA1066-5695-4D71-ABB4-65E5A5E0C3D4}.Debug|Any CPU.ActiveCfg = Debug|Any CPU
		{A8BA1066-5695-4D71-ABB4-65E5A5E0C3D4}.Debug|Any CPU.Build.0 = Debug|Any CPU
		{A8BA1066-5695-4D71-ABB4-65E5A5E0C3D4}.Release|Any CPU.ActiveCfg = Release|Any CPU
		{A8BA1066-5695-4D71-ABB4-65E5A5E0C3D4}.Release|Any CPU.Build.0 = Release|Any CPU
	EndGlobalSection
	GlobalSection(SolutionProperties) = preSolution
		HideSolutionNode = FALSE
	EndGlobalSection
EndGlobal
